
Microsoft Visual Studio Solution File, Format Version 12.00
# Visual Studio Version 17
VisualStudioVersion = 17.3.32929.385
MinimumVisualStudioVersion = 10.0.40219.1
Project("{FAE04EC0-301F-11D3-BF4B-00C04F79EFBC}") = "Madden-TeamPlaybook-Editor", "Madden-TeamPlaybook-Editor\Madden-TeamPlaybook-Editor.csproj", "{45B82AA8-C0DC-44DC-AF4A-4F45CB8DEF97}"
EndProject
Global
	GlobalSection(SolutionConfigurationPlatforms) = preSolution
		Debug|Any CPU = Debug|Any CPU
		Release|Any CPU = Release|Any CPU
	EndGlobalSection
	GlobalSection(ProjectConfigurationPlatforms) = postSolution
		{45B82AA8-C0DC-44DC-AF4A-4F45CB8DEF97}.Debug|Any CPU.ActiveCfg = Debug|Any CPU
		{45B82AA8-C0DC-44DC-AF4A-4F45CB8DEF97}.Debug|Any CPU.Build.0 = Debug|Any CPU
		{45B82AA8-C0DC-44DC-AF4A-4F45CB8DEF97}.Release|Any CPU.ActiveCfg = Release|Any CPU
		{45B82AA8-C0DC-44DC-AF4A-4F45CB8DEF97}.Release|Any CPU.Build.0 = Release|Any CPU
	EndGlobalSection
	GlobalSection(SolutionProperties) = preSolution
		HideSolutionNode = FALSE
	EndGlobalSection
	GlobalSection(ExtensibilityGlobals) = postSolution
		SolutionGuid = {051BAB3F-4A72-46E0-BAD0-1BEB25052B41}
	EndGlobalSection
EndGlobal
